{
  "R": {
    "Version": "4.6.1",
    "Repositories": [
      {
        "Name": "CRAN",
        "URL": "https://cloud.r-project.org"
      }
    ]
  },
  "Packages": {
    "renv": {
      "Package": "renv",
      "Version": "1.1.4",
      "Source": "Repository",
      "Repository": "CRAN",
      "Hash": "3d6e8e6f9ab08f40c27deee7d2cf5e45"
    },
    "shiny": {
      "Package": "shiny",
      "Version": "1.10.0",
      "Source": "Repository",
      "Repository": "CRAN",
      "Hash": "9e1b75cb90e4f30eebc41f2ca7f08bb2",
      "Requirements": [
        "R6",
        "bslib",
        "cachem",
        "commonmark",
        "crayon",
        "ellipsis",
        "fastmap",
        "fontawesome",
        "glue",
        "htmltools",
        "httpuv",
        "jsonlite",
        "later",
        "lifecycle",
        "mime",
        "promises",
        "rlang",
        "sourcetools",
        "withr",
        "xtable"
      ]
    }
  }
}
